
Microsoft Visual Studio Solution File, Format Version 12.00
# Visual Studio Version 17
VisualStudioVersion = 17.0.31903.59
MinimumVisualStudioVersion = 10.0.40219.1
Project("{2150E333-8FDC-42A3-9474-1A3956D46DE8}") = "src", "src", "{827E0CD3-B72D-47B6-A68D-7590B98EB39B}"
EndProject
Project("{FAE04EC0-301F-11D3-BF4B-00C04F79EFBC}") = "Conclave", "src\Conclave\Conclave.csproj", "{8CBD9861-89F3-4F05-8E41-A2540191F664}"
EndProject
Project("{2150E333-8FDC-42A3-9474-1A3956D46DE8}") = "tests", "tests", "{0AB3BF05-4346-4AA6-1389-037BE0695223}"
EndProject
Project("{FAE04EC0-301F-11D3-BF4B-00C04F79EFBC}") = "Conclave.Tests", "tests\Conclave.Tests\Conclave.Tests.csproj", "{783D7233-2195-483E-BB4D-2FFFBC32EB3F}"
EndProject
Project("{FAE04EC0-301F-11D3-BF4B-00C04F79EFBC}") = "Conclave.Extensions.AspNetCore", "src\Conclave.Extensions.AspNetCore\Conclave.Extensions.AspNetCore.csproj", "{18BF847E-5922-4751-94A2-5A696D60B173}"
EndProject
Project("{2150E333-8FDC-42A3-9474-1A3956D46DE8}") = "samples", "samples", "{5D20AA90-6969-D8BD-9DCD-8634F4692FDA}"
EndProject
Project("{FAE04EC0-301F-11D3-BF4B-00C04F79EFBC}") = "Conclave.Samples.CodeReview", "samples\Conclave.Samples.CodeReview\Conclave.Samples.CodeReview.csproj", "{FFF229D2-F30B-4415-9152-977E8BBD00DE}"
EndProject
Global
	GlobalSection(SolutionConfigurationPlatforms) = preSolution
		Debug|Any CPU = Debug|Any CPU
		Debug|x64 = Debug|x64
		Debug|x86 = Debug|x86
		Release|Any CPU = Release|Any CPU
		Release|x64 = Release|x64
		Release|x86 = Release|x86
	EndGlobalSection
	GlobalSection(ProjectConfigurationPlatforms) = postSolution
		{8CBD9861-89F3-4F05-8E41-A2540191F664}.Debug|Any CPU.ActiveCfg = Debug|Any CPU
		{8CBD9861-89F3-4F05-8E41-A2540191F664}.Debug|Any CPU.Build.0 = Debug|Any CPU
		{8CBD9861-89F3-4F05-8E41-A2540191F664}.Debug|x64.ActiveCfg = Debug|Any CPU
		{8CBD9861-89F3-4F05-8E41-A2540191F664}.Debug|x64.Build.0 = Debug|Any CPU
		{8CBD9861-89F3-4F05-8E41-A2540191F664}.Debug|x86.ActiveCfg = Debug|Any CPU
		{8CBD9861-89F3-4F05-8E41-A2540191F664}.Debug|x86.Build.0 = Debug|Any CPU
		{8CBD9861-89F3-4F05-8E41-A2540191F664}.Release|Any CPU.ActiveCfg = Release|Any CPU
		{8CBD9861-89F3-4F05-8E41-A2540191F664}.Release|Any CPU.Build.0 = Release|Any CPU
		{8CBD9861-89F3-4F05-8E41-A2540191F664}.Release|x64.ActiveCfg = Release|Any CPU
		{8CBD9861-89F3-4F05-8E41-A2540191F664}.Release|x64.Build.0 = Release|Any CPU
		{8CBD9861-89F3-4F05-8E41-A2540191F664}.Release|x86.ActiveCfg = Release|Any CPU
		{8CBD9861-89F3-4F05-8E41-A2540191F664}.Release|x86.Build.0 = Release|Any CPU
		{783D7233-2195-483E-BB4D-2FFFBC32EB3F}.Debug|Any CPU.ActiveCfg = Debug|Any CPU
		{783D7233-2195-483E-BB4D-2FFFBC32EB3F}.Debug|Any CPU.Build.0 = Debug|Any CPU
		{783D7233-2195-483E-BB4D-2FFFBC32EB3F}.Debug|x64.ActiveCfg = Debug|Any CPU
		{783D7233-2195-483E-BB4D-2FFFBC32EB3F}.Debug|x64.Build.0 = Debug|Any CPU
		{783D7233-2195-483E-BB4D-2FFFBC32EB3F}.Debug|x86.ActiveCfg = Debug|Any CPU
		{783D7233-2195-483E-BB4D-2FFFBC32EB3F}.Debug|x86.Build.0 = Debug|Any CPU
		{783D7233-2195-483E-BB4D-2FFFBC32EB3F}.Release|Any CPU.ActiveCfg = Release|Any CPU
		{783D7233-2195-483E-BB4D-2FFFBC32EB3F}.Release|Any CPU.Build.0 = Release|Any CPU
		{783D7233-2195-483E-BB4D-2FFFBC32EB3F}.Release|x64.ActiveCfg = Release|Any CPU
		{783D7233-2195-483E-BB4D-2FFFBC32EB3F}.Release|x64.Build.0 = Release|Any CPU
		{783D7233-2195-483E-BB4D-2FFFBC32EB3F}.Release|x86.ActiveCfg = Release|Any CPU
		{783D7233-2195-483E-BB4D-2FFFBC32EB3F}.Release|x86.Build.0 = Release|Any CPU
		{18BF847E-5922-4751-94A2-5A696D60B173}.Debug|Any CPU.ActiveCfg = Debug|Any CPU
		{18BF847E-5922-4751-94A2-5A696D60B173}.Debug|Any CPU.Build.0 = Debug|Any CPU
		{18BF847E-5922-4751-94A2-5A696D60B173}.Debug|x64.ActiveCfg = Debug|Any CPU
		{18BF847E-5922-4751-94A2-5A696D60B173}.Debug|x64.Build.0 = Debug|Any CPU
		{18BF847E-5922-4751-94A2-5A696D60B173}.Debug|x86.ActiveCfg = Debug|Any CPU
		{18BF847E-5922-4751-94A2-5A696D60B173}.Debug|x86.Build.0 = Debug|Any CPU
		{18BF847E-5922-4751-94A2-5A696D60B173}.Release|Any CPU.ActiveCfg = Release|Any CPU
		{18BF847E-5922-4751-94A2-5A696D60B173}.Release|Any CPU.Build.0 = Release|Any CPU
		{18BF847E-5922-4751-94A2-5A696D60B173}.Release|x64.ActiveCfg = Release|Any CPU
		{18BF847E-5922-4751-94A2-5A696D60B173}.Release|x64.Build.0 = Release|Any CPU
		{18BF847E-5922-4751-94A2-5A696D60B173}.Release|x86.ActiveCfg = Release|Any CPU
		{18BF847E-5922-4751-94A2-5A696D60B173}.Release|x86.Build.0 = Release|Any CPU
		{FFF229D2-F30B-4415-9152-977E8BBD00DE}.Debug|Any CPU.ActiveCfg = Debug|Any CPU
		{FFF229D2-F30B-4415-9152-977E8BBD00DE}.Debug|Any CPU.Build.0 = Debug|Any CPU
		{FFF229D2-F30B-4415-9152-977E8BBD00DE}.Debug|x64.ActiveCfg = Debug|Any CPU
		{FFF229D2-F30B-4415-9152-977E8BBD00DE}.Debug|x64.Build.0 = Debug|Any CPU
		{FFF229D2-F30B-4415-9152-977E8BBD00DE}.Debug|x86.ActiveCfg = Debug|Any CPU
		{FFF229D2-F30B-4415-9152-977E8BBD00DE}.Debug|x86.Build.0 = Debug|Any CPU
		{FFF229D2-F30B-4415-9152-977E8BBD00DE}.Release|Any CPU.ActiveCfg = Release|Any CPU
		{FFF229D2-F30B-4415-9152-977E8BBD00DE}.Release|Any CPU.Build.0 = Release|Any CPU
		{FFF229D2-F30B-4415-9152-977E8BBD00DE}.Release|x64.ActiveCfg = Release|Any CPU
		{FFF229D2-F30B-4415-9152-977E8BBD00DE}.Release|x64.Build.0 = Release|Any CPU
		{FFF229D2-F30B-4415-9152-977E8BBD00DE}.Release|x86.ActiveCfg = Release|Any CPU
		{FFF229D2-F30B-4415-9152-977E8BBD00DE}.Release|x86.Build.0 = Release|Any CPU
	EndGlobalSection
	GlobalSection(SolutionProperties) = preSolution
		HideSolutionNode = FALSE
	EndGlobalSection
	GlobalSection(NestedProjects) = preSolution
		{8CBD9861-89F3-4F05-8E41-A2540191F664} = {827E0CD3-B72D-47B6-A68D-7590B98EB39B}
		{783D7233-2195-483E-BB4D-2FFFBC32EB3F} = {0AB3BF05-4346-4AA6-1389-037BE0695223}
		{18BF847E-5922-4751-94A2-5A696D60B173} = {827E0CD3-B72D-47B6-A68D-7590B98EB39B}
		{FFF229D2-F30B-4415-9152-977E8BBD00DE} = {5D20AA90-6969-D8BD-9DCD-8634F4692FDA}
	EndGlobalSection
EndGlobal
